
Microsoft Visual Studio Solution File, Format Version 12.00
# Visual Studio 2012
VisualStudioVersion = 12.0.30723.0
MinimumVisualStudioVersion = 10.0.40219.1
Project("{FAE04EC0-301F-11D3-BF4B-00C04F79EFBC}") = "A2B_Teleport", "A2B_Teleport.csproj", "{7E5EEEAA-64FD-4717-B024-EF63AC72D298}"
EndProject
Global
	GlobalSection(SolutionConfigurationPlatforms) = preSolution
		Debug|Any CPU = Debug|Any CPU
		Release|Any CPU = Release|Any CPU
	EndGlobalSection
	GlobalSection(ProjectConfigurationPlatforms) = postSolution
		{7E5EEEAA-64FD-4717-B024-EF63AC72D298}.Debug|Any CPU.ActiveCfg = Debug|Any CPU
		{7E5EEEAA-64FD-4717-B024-EF63AC72D298}.Debug|Any CPU.Build.0 = Debug|Any CPU
		{7E5EEEAA-64FD-4717-B024-EF63AC72D298}.Release|Any CPU.ActiveCfg = Release|Any CPU
		{7E5EEEAA-64FD-4717-B024-EF63AC72D298}.Release|Any CPU.Build.0 = Release|Any CPU
	EndGlobalSection
	GlobalSection(MonoDevelopProperties) = preSolution
		Policies = $0
		$0.DotNetNamingPolicy = $1
		$1.DirectoryNamespaceAssociation = None
		$1.ResourceNamePolicy = FileFormatDefault
		$0.VersionControlPolicy = $2
		$2.inheritsSet = Mono
		$0.TextStylePolicy = $3
		$3.inheritsSet = null
		$3.scope = text/x-csharp
		$0.CSharpFormattingPolicy = $4
		$4.AlignEmbeddedStatements = False
		$4.SimplePropertyFormatting = ForceNewLine
		$4.AutoPropertyFormatting = ForceNewLine
		$4.IndentPreprocessorDirectives = False
		$4.AnonymousMethodBraceStyle = EndOfLineWithoutSpace
		$4.PropertyBraceStyle = EndOfLineWithoutSpace
		$4.PropertyGetBraceStyle = EndOfLineWithoutSpace
		$4.PropertySetBraceStyle = EndOfLineWithoutSpace
		$4.EventBraceStyle = NextLine
		$4.EventAddBraceStyle = EndOfLineWithoutSpace
		$4.EventRemoveBraceStyle = EndOfLineWithoutSpace
		$4.StatementBraceStyle = EndOfLineWithoutSpace
		$4.BeforeMethodDeclarationParentheses = False
		$4.WithinMethodDeclarationParentheses = True
		$4.BeforeMethodCallParentheses = False
		$4.WithinMethodCallParentheses = True
		$4.BeforeConstructorDeclarationParentheses = False
		$4.WithinConstructorDeclarationParentheses = True
		$4.BeforeIndexerDeclarationBracket = False
		$4.WithinIndexerDeclarationBracket = True
		$4.BeforeDelegateDeclarationParentheses = False
		$4.AfterDelegateDeclarationParameterComma = True
		$4.WithinDelegateDeclarationParentheses = True
		$4.NewParentheses = False
		$4.IfParentheses = False
		$4.WhileParentheses = False
		$4.ForParentheses = False
		$4.ForeachParentheses = False
		$4.CatchParentheses = False
		$4.SwitchParentheses = False
		$4.LockParentheses = False
		$4.UsingParentheses = False
		$4.WithinParentheses = True
		$4.WithinIfParentheses = True
		$4.WithinWhileParentheses = True
		$4.WithinForParentheses = True
		$4.WithinForEachParentheses = True
		$4.WithinCatchParentheses = True
		$4.WithinSwitchParentheses = True
		$4.WithinLockParentheses = True
		$4.WithinUsingParentheses = True
		$4.WithinCastParentheses = True
		$4.WithinSizeOfParentheses = True
		$4.WithinTypeOfParentheses = True
		$4.WithinNewParentheses = True
		$4.SpacesWithinBrackets = True
		$4.SpacesBeforeBrackets = False
		$4.BlankLinesBeforeFirstDeclaration = 1
		$4.inheritsSet = Mono
		$4.inheritsScope = text/x-csharp
		$4.scope = text/x-csharp
		$0.TextStylePolicy = $5
		$5.FileWidth = 120
		$5.NoTabsAfterNonTabs = True
		$5.inheritsSet = VisualStudio
		$5.inheritsScope = text/plain
		$5.scope = text/plain
		version = 0.11.2.0
	EndGlobalSection
	GlobalSection(SolutionProperties) = preSolution
		HideSolutionNode = FALSE
	EndGlobalSection
EndGlobal
